# THIS IS AN AUTOGENERATED FILE. DO NOT EDIT THIS FILE DIRECTLY.
# yarn lockfile v1


logrocket@^0.6.20:
  version "0.6.20"
  resolved "https://registry.yarnpkg.com/logrocket/-/logrocket-0.6.20.tgz#704c3a6670edec7e413f104910146604c4d974b4"
  integrity sha512-My3lR6Hm3NH+sBF50F8tf2aMLQdSHZV2DZNWRkZiVSX482W+ByD40x+UJWfkShJeoPhAOJciP7iylFrMGir6UA==
